// !$*UTF8*$!
{
	archiveVersion = 1;
	classes = {
	};
	objectVersion = 56;
	objects = {

/* Begin PBXBuildFile section */
		FF6C71D12C778C9000DD35E5 /* JournalApp.swift in Sources */ = {isa = PBXBuildFile; fileRef = FF6C71D02C778C9000DD35E5 /* JournalApp.swift */; };
		FF6C71D52C778C9100DD35E5 /* Assets.xcassets in Resources */ = {isa = PBXBuildFile; fileRef = FF6C71D42C778C9100DD35E5 /* Assets.xcassets */; };
		FF6C71D82C778C9100DD35E5 /* Preview Assets.xcassets in Resources */ = {isa = PBXBuildFile; fileRef = FF6C71D72C778C9100DD35E5 /* Preview Assets.xcassets */; };
		FF6C71E22C778C9100DD35E5 /* JournalTests.swift in Sources */ = {isa = PBXBuildFile; fileRef = FF6C71E12C778C9100DD35E5 /* JournalTests.swift */; };
		FF6C71EC2C778C9200DD35E5 /* JournalUITests.swift in Sources */ = {isa = PBXBuildFile; fileRef = FF6C71EB2C778C9200DD35E5 /* JournalUITests.swift */; };
		FF6C71EE2C778C9200DD35E5 /* JournalUITestsLaunchTests.swift in Sources */ = {isa = PBXBuildFile; fileRef = FF6C71ED2C778C9200DD35E5 /* JournalUITestsLaunchTests.swift */; };
		FF6C71FB2C778DA000DD35E5 /* JournalDetailView.swift in Sources */ = {isa = PBXBuildFile; fileRef = FF6C71FA2C778DA000DD35E5 /* JournalDetailView.swift */; };
		FF6C71FD2C778DB200DD35E5 /* JournalViewModel.swift in Sources */ = {isa = PBXBuildFile; fileRef = FF6C71FC2C778DB200DD35E5 /* JournalViewModel.swift */; };
		FF6C71FF2C778DC200DD35E5 /* JournalView.swift in Sources */ = {isa = PBXBuildFile; fileRef = FF6C71FE2C778DC200DD35E5 /* JournalView.swift */; };
/* End PBXBuildFile section */

/* Begin PBXContainerItemProxy section */
		FF6C71DE2C778C9100DD35E5 /* PBXContainerItemProxy */ = {
			isa = PBXContainerItemProxy;
			containerPortal = FF6C71C52C778C9000DD35E5 /* Project object */;
			proxyType = 1;
			remoteGlobalIDString = FF6C71CC2C778C9000DD35E5;
			remoteInfo = Journal;
		};
		FF6C71E82C778C9200DD35E5 /* PBXContainerItemProxy */ = {
			isa = PBXContainerItemProxy;
			containerPortal = FF6C71C52C778C9000DD35E5 /* Project object */;
			proxyType = 1;
			remoteGlobalIDString = FF6C71CC2C778C9000DD35E5;
			remoteInfo = Journal;
		};
/* End PBXContainerItemProxy section */

/* Begin PBXFileReference section */
		FF6C71CD2C778C9000DD35E5 /* Journal.app */ = {isa = PBXFileReference; explicitFileType = wrapper.application; includeInIndex = 0; path = Journal.app; sourceTree = BUILT_PRODUCTS_DIR; };
		FF6C71D02C778C9000DD35E5 /* JournalApp.swift */ = {isa = PBXFileReference; lastKnownFileType = sourcecode.swift; path = JournalApp.swift; sourceTree = "<group>"; };
		FF6C71D42C778C9100DD35E5 /* Assets.xcassets */ = {isa = PBXFileReference; lastKnownFileType = folder.assetcatalog; path = Assets.xcassets; sourceTree = "<group>"; };
		FF6C71D72C778C9100DD35E5 /* Preview Assets.xcassets */ = {isa = PBXFileReference; lastKnownFileType = folder.assetcatalog; path = "Preview Assets.xcassets"; sourceTree = "<group>"; };
		FF6C71DD2C778C9100DD35E5 /* JournalTests.xctest */ = {isa = PBXFileReference; explicitFileType = wrapper.cfbundle; includeInIndex = 0; path = JournalTests.xctest; sourceTree = BUILT_PRODUCTS_DIR; };
		FF6C71E12C778C9100DD35E5 /* JournalTests.swift */ = {isa = PBXFileReference; lastKnownFileType = sourcecode.swift; path = JournalTests.swift; sourceTree = "<group>"; };
		FF6C71E72C778C9200DD35E5 /* JournalUITests.xctest */ = {isa = PBXFileReference; explicitFileType = wrapper.cfbundle; includeInIndex = 0; path = JournalUITests.xctest; sourceTree = BUILT_PRODUCTS_DIR; };
		FF6C71EB2C778C9200DD35E5 /* JournalUITests.swift */ = {isa = PBXFileReference; lastKnownFileType = sourcecode.swift; path = JournalUITests.swift; sourceTree = "<group>"; };
		FF6C71ED2C778C9200DD35E5 /* JournalUITestsLaunchTests.swift */ = {isa = PBXFileReference; lastKnownFileType = sourcecode.swift; path = JournalUITestsLaunchTests.swift; sourceTree = "<group>"; };
		FF6C71FA2C778DA000DD35E5 /* JournalDetailView.swift */ = {isa = PBXFileReference; lastKnownFileType = sourcecode.swift; path = JournalDetailView.swift; sourceTree = "<group>"; };
		FF6C71FC2C778DB200DD35E5 /* JournalViewModel.swift */ = {isa = PBXFileReference; lastKnownFileType = sourcecode.swift; path = JournalViewModel.swift; sourceTree = "<group>"; };
		FF6C71FE2C778DC200DD35E5 /* JournalView.swift */ = {isa = PBXFileReference; lastKnownFileType = sourcecode.swift; path = JournalView.swift; sourceTree = "<group>"; };
/* End PBXFileReference section */

/* Begin PBXFrameworksBuildPhase section */
		FF6C71CA2C778C9000DD35E5 /* Frameworks */ = {
			isa = PBXFrameworksBuildPhase;
			buildActionMask = 2147483647;
			files = (
			);
			runOnlyForDeploymentPostprocessing = 0;
		};
		FF6C71DA2C778C9100DD35E5 /* Frameworks */ = {
			isa = PBXFrameworksBuildPhase;
			buildActionMask = 2147483647;
			files = (
			);
			runOnlyForDeploymentPostprocessing = 0;
		};
		FF6C71E42C778C9200DD35E5 /* Frameworks */ = {
			isa = PBXFrameworksBuildPhase;
			buildActionMask = 2147483647;
			files = (
			);
			runOnlyForDeploymentPostprocessing = 0;
		};
/* End PBXFrameworksBuildPhase section */

/* Begin PBXGroup section */
		FF6C71C42C778C9000DD35E5 = {
			isa = PBXGroup;
			children = (
				FF6C71CF2C778C9000DD35E5 /* Journal */,
				FF6C71E02C778C9100DD35E5 /* JournalTests */,
				FF6C71EA2C778C9200DD35E5 /* JournalUITests */,
				FF6C71CE2C778C9000DD35E5 /* Products */,
			);
			sourceTree = "<group>";
		};
		FF6C71CE2C778C9000DD35E5 /* Products */ = {
			isa = PBXGroup;
			children = (
				FF6C71CD2C778C9000DD35E5 /* Journal.app */,
				FF6C71DD2C778C9100DD35E5 /* JournalTests.xctest */,
				FF6C71E72C778C9200DD35E5 /* JournalUITests.xctest */,
			);
			name = Products;
			sourceTree = "<group>";
		};
		FF6C71CF2C778C9000DD35E5 /* Journal */ = {
			isa = PBXGroup;
			children = (
				FF6C71D02C778C9000DD35E5 /* JournalApp.swift */,
				FF6C71FA2C778DA000DD35E5 /* JournalDetailView.swift */,
				FF6C71FC2C778DB200DD35E5 /* JournalViewModel.swift */,
				FF6C71FE2C778DC200DD35E5 /* JournalView.swift */,
				FF6C71D42C778C9100DD35E5 /* Assets.xcassets */,
				FF6C71D62C778C9100DD35E5 /* Preview Content */,
			);
			path = Journal;
			sourceTree = "<group>";
		};
		FF6C71D62C778C9100DD35E5 /* Preview Content */ = {
			isa = PBXGroup;
			children = (
				FF6C71D72C778C9100DD35E5 /* Preview Assets.xcassets */,
			);
			path = "Preview Content";
			sourceTree = "<group>";
		};
		FF6C71E02C778C9100DD35E5 /* JournalTests */ = {
			isa = PBXGroup;
			children = (
				FF6C71E12C778C9100DD35E5 /* JournalTests.swift */,
			);
			path = JournalTests;
			sourceTree = "<group>";
		};
		FF6C71EA2C778C9200DD35E5 /* JournalUITests */ = {
			isa = PBXGroup;
			children = (
				FF6C71EB2C778C9200DD35E5 /* JournalUITests.swift */,
				FF6C71ED2C778C9200DD35E5 /* JournalUITestsLaunchTests.swift */,
			);
			path = JournalUITests;
			sourceTree = "<group>";
		};
/* End PBXGroup section */

/* Begin PBXNativeTarget section */
		FF6C71CC2C778C9000DD35E5 /* Journal */ = {
			isa = PBXNativeTarget;
			buildConfigurationList = FF6C71F12C778C9200DD35E5 /* Build configuration list for PBXNativeTarget "Journal" */;
			buildPhases = (
				FF6C71C92C778C9000DD35E5 /* Sources */,
				FF6C71CA2C778C9000DD35E5 /* Frameworks */,
				FF6C71CB2C778C9000DD35E5 /* Resources */,
			);
			buildRules = (
			);
			dependencies = (
			);
			name = Journal;
			productName = Journal;
			productReference = FF6C71CD2C778C9000DD35E5 /* Journal.app */;
			productType = "com.apple.product-type.application";
		};
		FF6C71DC2C778C9100DD35E5 /* JournalTests */ = {
			isa = PBXNativeTarget;
			buildConfigurationList = FF6C71F42C778C9200DD35E5 /* Build configuration list for PBXNativeTarget "JournalTests" */;
			buildPhases = (
				FF6C71D92C778C9100DD35E5 /* Sources */,
				FF6C71DA2C778C9100DD35E5 /* Frameworks */,
				FF6C71DB2C778C9100DD35E5 /* Resources */,
			);
			buildRules = (
			);
			dependencies = (
				FF6C71DF2C778C9100DD35E5 /* PBXTargetDependency */,
			);
			name = JournalTests;
			productName = JournalTests;
			productReference = FF6C71DD2C778C9100DD35E5 /* JournalTests.xctest */;
			productType = "com.apple.product-type.bundle.unit-test";
		};
		FF6C71E62C778C9200DD35E5 /* JournalUITests */ = {
			isa = PBXNativeTarget;
			buildConfigurationList = FF6C71F72C778C9200DD35E5 /* Build configuration list for PBXNativeTarget "JournalUITests" */;
			buildPhases = (
				FF6C71E32C778C9200DD35E5 /* Sources */,
				FF6C71E42C778C9200DD35E5 /* Frameworks */,
				FF6C71E52C778C9200DD35E5 /* Resources */,
			);
			buildRules = (
			);
			dependencies = (
				FF6C71E92C778C9200DD35E5 /* PBXTargetDependency */,
			);
			name = JournalUITests;
			productName = JournalUITests;
			productReference = FF6C71E72C778C9200DD35E5 /* JournalUITests.xctest */;
			productType = "com.apple.product-type.bundle.ui-testing";
		};
/* End PBXNativeTarget section */

/* Begin PBXProject section */
		FF6C71C52C778C9000DD35E5 /* Project object */ = {
			isa = PBXProject;
			attributes = {
				BuildIndependentTargetsInParallel = 1;
				LastSwiftUpdateCheck = 1540;
				LastUpgradeCheck = 1540;
				TargetAttributes = {
					FF6C71CC2C778C9000DD35E5 = {
						CreatedOnToolsVersion = 15.4;
					};
					FF6C71DC2C778C9100DD35E5 = {
						CreatedOnToolsVersion = 15.4;
						TestTargetID = FF6C71CC2C778C9000DD35E5;
					};
					FF6C71E62C778C9200DD35E5 = {
						CreatedOnToolsVersion = 15.4;
						TestTargetID = FF6C71CC2C778C9000DD35E5;
					};
				};
			};
			buildConfigurationList = FF6C71C82C778C9000DD35E5 /* Build configuration list for PBXProject "Journal" */;
			compatibilityVersion = "Xcode 14.0";
			developmentRegion = en;
			hasScannedForEncodings = 0;
			knownRegions = (
				en,
				Base,
			);
			mainGroup = FF6C71C42C778C9000DD35E5;
			productRefGroup = FF6C71CE2C778C9000DD35E5 /* Products */;
			projectDirPath = "";
			projectRoot = "";
			targets = (
				FF6C71CC2C778C9000DD35E5 /* Journal */,
				FF6C71DC2C778C9100DD35E5 /* JournalTests */,
				FF6C71E62C778C9200DD35E5 /* JournalUITests */,
			);
		};
/* End PBXProject section */

/* Begin PBXResourcesBuildPhase section */
		FF6C71CB2C778C9000DD35E5 /* Resources */ = {
			isa = PBXResourcesBuildPhase;
			buildActionMask = 2147483647;
			files = (
				FF6C71D82C778C9100DD35E5 /* Preview Assets.xcassets in Resources */,
				FF6C71D52C778C9100DD35E5 /* Assets.xcassets in Resources */,
			);
			runOnlyForDeploymentPostprocessing = 0;
		};
		FF6C71DB2C778C9100DD35E5 /* Resources */ = {
			isa = PBXResourcesBuildPhase;
			buildActionMask = 2147483647;
			files = (
			);
			runOnlyForDeploymentPostprocessing = 0;
		};
		FF6C71E52C778C9200DD35E5 /* Resources */ = {
			isa = PBXResourcesBuildPhase;
			buildActionMask = 2147483647;
			files = (
			);
			runOnlyForDeploymentPostprocessing = 0;
		};
/* End PBXResourcesBuildPhase section */

/* Begin PBXSourcesBuildPhase section */
		FF6C71C92C778C9000DD35E5 /* Sources */ = {
			isa = PBXSourcesBuildPhase;
			buildActionMask = 2147483647;
			files = (
				FF6C71FD2C778DB200DD35E5 /* JournalViewModel.swift in Sources */,
				FF6C71FF2C778DC200DD35E5 /* JournalView.swift in Sources */,
				FF6C71FB2C778DA000DD35E5 /* JournalDetailView.swift in Sources */,
				FF6C71D12C778C9000DD35E5 /* JournalApp.swift in Sources */,
			);
			runOnlyForDeploymentPostprocessing = 0;
		};
		FF6C71D92C778C9100DD35E5 /* Sources */ = {
			isa = PBXSourcesBuildPhase;
			buildActionMask = 2147483647;
			files = (
				FF6C71E22C778C9100DD35E5 /* JournalTests.swift in Sources */,
			);
			runOnlyForDeploymentPostprocessing = 0;
		};
		FF6C71E32C778C9200DD35E5 /* Sources */ = {
			isa = PBXSourcesBuildPhase;
			buildActionMask = 2147483647;
			files = (
				FF6C71EE2C778C9200DD35E5 /* JournalUITestsLaunchTests.swift in Sources */,
				FF6C71EC2C778C9200DD35E5 /* JournalUITests.swift in Sources */,
			);
			runOnlyForDeploymentPostprocessing = 0;
		};
/* End PBXSourcesBuildPhase section */

/* Begin PBXTargetDependency section */
		FF6C71DF2C778C9100DD35E5 /* PBXTargetDependency */ = {
			isa = PBXTargetDependency;
			target = FF6C71CC2C778C9000DD35E5 /* Journal */;
			targetProxy = FF6C71DE2C778C9100DD35E5 /* PBXContainerItemProxy */;
		};
		FF6C71E92C778C9200DD35E5 /* PBXTargetDependency */ = {
			isa = PBXTargetDependency;
			target = FF6C71CC2C778C9000DD35E5 /* Journal */;
			targetProxy = FF6C71E82C778C9200DD35E5 /* PBXContainerItemProxy */;
		};
/* End PBXTargetDependency section */

/* Begin XCBuildConfiguration section */
		FF6C71EF2C778C9200DD35E5 /* Debug */ = {
			isa = XCBuildConfiguration;
			buildSettings = {
				ALWAYS_SEARCH_USER_PATHS = NO;
				ASSETCATALOG_COMPILER_GENERATE_SWIFT_ASSET_SYMBOL_EXTENSIONS = YES;
				CLANG_ANALYZER_NONNULL = YES;
				CLANG_ANALYZER_NUMBER_OBJECT_CONVERSION = YES_AGGRESSIVE;
				CLANG_CXX_LANGUAGE_STANDARD = "gnu++20";
				CLANG_ENABLE_MODULES = YES;
				CLANG_ENABLE_OBJC_ARC = YES;
				CLANG_ENABLE_OBJC_WEAK = YES;
				CLANG_WARN_BLOCK_CAPTURE_AUTORELEASING = YES;
				CLANG_WARN_BOOL_CONVERSION = YES;
				CLANG_WARN_COMMA = YES;
				CLANG_WARN_CONSTANT_CONVERSION = YES;
				CLANG_WARN_DEPRECATED_OBJC_IMPLEMENTATIONS = YES;
				CLANG_WARN_DIRECT_OBJC_ISA_USAGE = YES_ERROR;
				CLANG_WARN_DOCUMENTATION_COMMENTS = YES;
				CLANG_WARN_EMPTY_BODY = YES;
				CLANG_WARN_ENUM_CONVERSION = YES;
				CLANG_WARN_INFINITE_RECURSION = YES;
				CLANG_WARN_INT_CONVERSION = YES;
				CLANG_WARN_NON_LITERAL_NULL_CONVERSION = YES;
				CLANG_WARN_OBJC_IMPLICIT_RETAIN_SELF = YES;
				CLANG_WARN_OBJC_LITERAL_CONVERSION = YES;
				CLANG_WARN_OBJC_ROOT_CLASS = YES_ERROR;
				CLANG_WARN_QUOTED_INCLUDE_IN_FRAMEWORK_HEADER = YES;
				CLANG_WARN_RANGE_LOOP_ANALYSIS = YES;
				CLANG_WARN_STRICT_PROTOTYPES = YES;
				CLANG_WARN_SUSPICIOUS_MOVE = YES;
				CLANG_WARN_UNGUARDED_AVAILABILITY = YES_AGGRESSIVE;
				CLANG_WARN_UNREACHABLE_CODE = YES;
				CLANG_WARN__DUPLICATE_METHOD_MATCH = YES;
				COPY_PHASE_STRIP = NO;
				DEBUG_INFORMATION_FORMAT = dwarf;
				ENABLE_STRICT_OBJC_MSGSEND = YES;
				ENABLE_TESTABILITY = YES;
				ENABLE_USER_SCRIPT_SANDBOXING = YES;
				GCC_C_LANGUAGE_STANDARD = gnu17;
				GCC_DYNAMIC_NO_PIC = NO;
				GCC_NO_COMMON_BLOCKS = YES;
				GCC_OPTIMIZATION_LEVEL = 0;
				GCC_PREPROCESSOR_DEFINITIONS = (
					"DEBUG=1",
					"$(inherited)",
				);
				GCC_WARN_64_TO_32_BIT_CONVERSION = YES;
				GCC_WARN_ABOUT_RETURN_TYPE = YES_ERROR;
				GCC_WARN_UNDECLARED_SELECTOR = YES;
				GCC_WARN_UNINITIALIZED_AUTOS = YES_AGGRESSIVE;
				GCC_WARN_UNUSED_FUNCTION = YES;
				GCC_WARN_UNUSED_VARIABLE = YES;
				IPHONEOS_DEPLOYMENT_TARGET = 17.5;
				LOCALIZATION_PREFERS_STRING_CATALOGS = YES;
				MTL_ENABLE_DEBUG_INFO = INCLUDE_SOURCE;
				MTL_FAST_MATH = YES;
				ONLY_ACTIVE_ARCH = YES;
				SDKROOT = iphoneos;
				SWIFT_ACTIVE_COMPILATION_CONDITIONS = "DEBUG $(inherited)";
				SWIFT_OPTIMIZATION_LEVEL = "-Onone";
			};
			name = Debug;
		};
		FF6C71F02C778C9200DD35E5 /* Release */ = {
			isa = XCBuildConfiguration;
			buildSettings = {
				ALWAYS_SEARCH_USER_PATHS = NO;
				ASSETCATALOG_COMPILER_GENERATE_SWIFT_ASSET_SYMBOL_EXTENSIONS = YES;
				CLANG_ANALYZER_NONNULL = YES;
				CLANG_ANALYZER_NUMBER_OBJECT_CONVERSION = YES_AGGRESSIVE;
				CLANG_CXX_LANGUAGE_STANDARD = "gnu++20";
				CLANG_ENABLE_MODULES = YES;
				CLANG_ENABLE_OBJC_ARC = YES;
				CLANG_ENABLE_OBJC_WEAK = YES;
				CLANG_WARN_BLOCK_CAPTURE_AUTORELEASING = YES;
				CLANG_WARN_BOOL_CONVERSION = YES;
				CLANG_WARN_COMMA = YES;
				CLANG_WARN_CONSTANT_CONVERSION = YES;
				CLANG_WARN_DEPRECATED_OBJC_IMPLEMENTATIONS = YES;
				CLANG_WARN_DIRECT_OBJC_ISA_USAGE = YES_ERROR;
				CLANG_WARN_DOCUMENTATION_COMMENTS = YES;
				CLANG_WARN_EMPTY_BODY = YES;
				CLANG_WARN_ENUM_CONVERSION = YES;
				CLANG_WARN_INFINITE_RECURSION = YES;
				CLANG_WARN_INT_CONVERSION = YES;
				CLANG_WARN_NON_LITERAL_NULL_CONVERSION = YES;
				CLANG_WARN_OBJC_IMPLICIT_RETAIN_SELF = YES;
				CLANG_WARN_OBJC_LITERAL_CONVERSION = YES;
				CLANG_WARN_OBJC_ROOT_CLASS = YES_ERROR;
				CLANG_WARN_QUOTED_INCLUDE_IN_FRAMEWORK_HEADER = YES;
				CLANG_WARN_RANGE_LOOP_ANALYSIS = YES;
				CLANG_WARN_STRICT_PROTOTYPES = YES;
				CLANG_WARN_SUSPICIOUS_MOVE = YES;
				CLANG_WARN_UNGUARDED_AVAILABILITY = YES_AGGRESSIVE;
				CLANG_WARN_UNREACHABLE_CODE = YES;
				CLANG_WARN__DUPLICATE_METHOD_MATCH = YES;
				COPY_PHASE_STRIP = NO;
				DEBUG_INFORMATION_FORMAT = "dwarf-with-dsym";
				ENABLE_NS_ASSERTIONS = NO;
				ENABLE_STRICT_OBJC_MSGSEND = YES;
				ENABLE_USER_SCRIPT_SANDBOXING = YES;
				GCC_C_LANGUAGE_STANDARD = gnu17;
				GCC_NO_COMMON_BLOCKS = YES;
				GCC_WARN_64_TO_32_BIT_CONVERSION = YES;
				GCC_WARN_ABOUT_RETURN_TYPE = YES_ERROR;
				GCC_WARN_UNDECLARED_SELECTOR = YES;
				GCC_WARN_UNINITIALIZED_AUTOS = YES_AGGRESSIVE;
				GCC_WARN_UNUSED_FUNCTION = YES;
				GCC_WARN_UNUSED_VARIABLE = YES;
				IPHONEOS_DEPLOYMENT_TARGET = 17.5;
				LOCALIZATION_PREFERS_STRING_CATALOGS = YES;
				MTL_ENABLE_DEBUG_INFO = NO;
				MTL_FAST_MATH = YES;
				SDKROOT = iphoneos;
				SWIFT_COMPILATION_MODE = wholemodule;
				VALIDATE_PRODUCT = YES;
			};
			name = Release;
		};
		FF6C71F22C778C9200DD35E5 /* Debug */ = {
			isa = XCBuildConfiguration;
			buildSettings = {
				ASSETCATALOG_COMPILER_APPICON_NAME = AppIcon;
				ASSETCATALOG_COMPILER_GLOBAL_ACCENT_COLOR_NAME = AccentColor;
				CODE_SIGN_STYLE = Automatic;
				CURRENT_PROJECT_VERSION = 1;
				DEVELOPMENT_ASSET_PATHS = "\"Journal/Preview Content\"";
				DEVELOPMENT_TEAM = JA9P4WR529;
				ENABLE_PREVIEWS = YES;
				GENERATE_INFOPLIST_FILE = YES;
				INFOPLIST_KEY_UIApplicationSceneManifest_Generation = YES;
				INFOPLIST_KEY_UIApplicationSupportsIndirectInputEvents = YES;
				INFOPLIST_KEY_UILaunchScreen_Generation = YES;
				INFOPLIST_KEY_UISupportedInterfaceOrientations_iPad = "UIInterfaceOrientationPortrait UIInterfaceOrientationPortraitUpsideDown UIInterfaceOrientationLandscapeLeft UIInterfaceOrientationLandscapeRight";
				INFOPLIST_KEY_UISupportedInterfaceOrientations_iPhone = "UIInterfaceOrientationPortrait UIInterfaceOrientationLandscapeLeft UIInterfaceOrientationLandscapeRight";
				LD_RUNPATH_SEARCH_PATHS = (
					"$(inherited)",
					"@executable_path/Frameworks",
				);
				MARKETING_VERSION = 1.0;
				PRODUCT_BUNDLE_IDENTIFIER = digitalunknown.Journal;
				PRODUCT_NAME = "$(TARGET_NAME)";
				SWIFT_EMIT_LOC_STRINGS = YES;
				SWIFT_VERSION = 5.0;
				TARGETED_DEVICE_FAMILY = "1,2";
			};
			name = Debug;
		};
		FF6C71F32C778C9200DD35E5 /* Release */ = {
			isa = XCBuildConfiguration;
			buildSettings = {
				ASSETCATALOG_COMPILER_APPICON_NAME = AppIcon;
				ASSETCATALOG_COMPILER_GLOBAL_ACCENT_COLOR_NAME = AccentColor;
				CODE_SIGN_STYLE = Automatic;
				CURRENT_PROJECT_VERSION = 1;
				DEVELOPMENT_ASSET_PATHS = "\"Journal/Preview Content\"";
				DEVELOPMENT_TEAM = JA9P4WR529;
				ENABLE_PREVIEWS = YES;
				GENERATE_INFOPLIST_FILE = YES;
				INFOPLIST_KEY_UIApplicationSceneManifest_Generation = YES;
				INFOPLIST_KEY_UIApplicationSupportsIndirectInputEvents = YES;
				INFOPLIST_KEY_UILaunchScreen_Generation = YES;
				INFOPLIST_KEY_UISupportedInterfaceOrientations_iPad = "UIInterfaceOrientationPortrait UIInterfaceOrientationPortraitUpsideDown UIInterfaceOrientationLandscapeLeft UIInterfaceOrientationLandscapeRight";
				INFOPLIST_KEY_UISupportedInterfaceOrientations_iPhone = "UIInterfaceOrientationPortrait UIInterfaceOrientationLandscapeLeft UIInterfaceOrientationLandscapeRight";
				LD_RUNPATH_SEARCH_PATHS = (
					"$(inherited)",
					"@executable_path/Frameworks",
				);
				MARKETING_VERSION = 1.0;
				PRODUCT_BUNDLE_IDENTIFIER = digitalunknown.Journal;
				PRODUCT_NAME = "$(TARGET_NAME)";
				SWIFT_EMIT_LOC_STRINGS = YES;
				SWIFT_VERSION = 5.0;
				TARGETED_DEVICE_FAMILY = "1,2";
			};
			name = Release;
		};
		FF6C71F52C778C9200DD35E5 /* Debug */ = {
			isa = XCBuildConfiguration;
			buildSettings = {
				ALWAYS_EMBED_SWIFT_STANDARD_LIBRARIES = YES;
				BUNDLE_LOADER = "$(TEST_HOST)";
				CODE_SIGN_STYLE = Automatic;
				CURRENT_PROJECT_VERSION = 1;
				GENERATE_INFOPLIST_FILE = YES;
				IPHONEOS_DEPLOYMENT_TARGET = 17.5;
				MARKETING_VERSION = 1.0;
				PRODUCT_BUNDLE_IDENTIFIER = digitalunknown.JournalTests;
				PRODUCT_NAME = "$(TARGET_NAME)";
				SWIFT_EMIT_LOC_STRINGS = NO;
				SWIFT_VERSION = 5.0;
				TARGETED_DEVICE_FAMILY = "1,2";
				TEST_HOST = "$(BUILT_PRODUCTS_DIR)/Journal.app/$(BUNDLE_EXECUTABLE_FOLDER_PATH)/Journal";
			};
			name = Debug;
		};
		FF6C71F62C778C9200DD35E5 /* Release */ = {
			isa = XCBuildConfiguration;
			buildSettings = {
				ALWAYS_EMBED_SWIFT_STANDARD_LIBRARIES = YES;
				BUNDLE_LOADER = "$(TEST_HOST)";
				CODE_SIGN_STYLE = Automatic;
				CURRENT_PROJECT_VERSION = 1;
				GENERATE_INFOPLIST_FILE = YES;
				IPHONEOS_DEPLOYMENT_TARGET = 17.5;
				MARKETING_VERSION = 1.0;
				PRODUCT_BUNDLE_IDENTIFIER = digitalunknown.JournalTests;
				PRODUCT_NAME = "$(TARGET_NAME)";
				SWIFT_EMIT_LOC_STRINGS = NO;
				SWIFT_VERSION = 5.0;
				TARGETED_DEVICE_FAMILY = "1,2";
				TEST_HOST = "$(BUILT_PRODUCTS_DIR)/Journal.app/$(BUNDLE_EXECUTABLE_FOLDER_PATH)/Journal";
			};
			name = Release;
		};
		FF6C71F82C778C9200DD35E5 /* Debug */ = {
			isa = XCBuildConfiguration;
			buildSettings = {
				ALWAYS_EMBED_SWIFT_STANDARD_LIBRARIES = YES;
				CODE_SIGN_STYLE = Automatic;
				CURRENT_PROJECT_VERSION = 1;
				GENERATE_INFOPLIST_FILE = YES;
				MARKETING_VERSION = 1.0;
				PRODUCT_BUNDLE_IDENTIFIER = digitalunknown.JournalUITests;
				PRODUCT_NAME = "$(TARGET_NAME)";
				SWIFT_EMIT_LOC_STRINGS = NO;
				SWIFT_VERSION = 5.0;
				TARGETED_DEVICE_FAMILY = "1,2";
				TEST_TARGET_NAME = Journal;
			};
			name = Debug;
		};
		FF6C71F92C778C9200DD35E5 /* Release */ = {
			isa = XCBuildConfiguration;
			buildSettings = {
				ALWAYS_EMBED_SWIFT_STANDARD_LIBRARIES = YES;
				CODE_SIGN_STYLE = Automatic;
				CURRENT_PROJECT_VERSION = 1;
				GENERATE_INFOPLIST_FILE = YES;
				MARKETING_VERSION = 1.0;
				PRODUCT_BUNDLE_IDENTIFIER = digitalunknown.JournalUITests;
				PRODUCT_NAME = "$(TARGET_NAME)";
				SWIFT_EMIT_LOC_STRINGS = NO;
				SWIFT_VERSION = 5.0;
				TARGETED_DEVICE_FAMILY = "1,2";
				TEST_TARGET_NAME = Journal;
			};
			name = Release;
		};
/* End XCBuildConfiguration section */

/* Begin XCConfigurationList section */
		FF6C71C82C778C9000DD35E5 /* Build configuration list for PBXProject "Journal" */ = {
			isa = XCConfigurationList;
			buildConfigurations = (
				FF6C71EF2C778C9200DD35E5 /* Debug */,
				FF6C71F02C778C9200DD35E5 /* Release */,
			);
			defaultConfigurationIsVisible = 0;
			defaultConfigurationName = Release;
		};
		FF6C71F12C778C9200DD35E5 /* Build configuration list for PBXNativeTarget "Journal" */ = {
			isa = XCConfigurationList;
			buildConfigurations = (
				FF6C71F22C778C9200DD35E5 /* Debug */,
				FF6C71F32C778C9200DD35E5 /* Release */,
			);
			defaultConfigurationIsVisible = 0;
			defaultConfigurationName = Release;
		};
		FF6C71F42C778C9200DD35E5 /* Build configuration list for PBXNativeTarget "JournalTests" */ = {
			isa = XCConfigurationList;
			buildConfigurations = (
				FF6C71F52C778C9200DD35E5 /* Debug */,
				FF6C71F62C778C9200DD35E5 /* Release */,
			);
			defaultConfigurationIsVisible = 0;
			defaultConfigurationName = Release;
		};
		FF6C71F72C778C9200DD35E5 /* Build configuration list for PBXNativeTarget "JournalUITests" */ = {
			isa = XCConfigurationList;
			buildConfigurations = (
				FF6C71F82C778C9200DD35E5 /* Debug */,
				FF6C71F92C778C9200DD35E5 /* Release */,
			);
			defaultConfigurationIsVisible = 0;
			defaultConfigurationName = Release;
		};
/* End XCConfigurationList section */
	};
	rootObject = FF6C71C52C778C9000DD35E5 /* Project object */;
}
